// !$*UTF8*$!
{
	archiveVersion = 1;
	classes = {
	};
	objectVersion = 55;
	objects = {

/* Begin PBXBuildFile section */
		04093A352852DCC7000ECC34 /* UIViewController+.swift in Sources */ = {isa = PBXBuildFile; fileRef = 04093A342852DCC7000ECC34 /* UIViewController+.swift */; };
		04093A392853046E000ECC34 /* Localizable.strings in Resources */ = {isa = PBXBuildFile; fileRef = 04093A382853046E000ECC34 /* Localizable.strings */; };
		04093A3B28530C5C000ECC34 /* MainViewController.swift in Sources */ = {isa = PBXBuildFile; fileRef = 04093A3A28530C5C000ECC34 /* MainViewController.swift */; };
		041A014B284FC4C7007372AB /* SwitchButton.swift in Sources */ = {isa = PBXBuildFile; fileRef = 041A014A284FC4C7007372AB /* SwitchButton.swift */; };
		041A0154284FC7A1007372AB /* Images.swift in Sources */ = {isa = PBXBuildFile; fileRef = 041A014E284FC7A0007372AB /* Images.swift */; };
		041A0155284FC7A1007372AB /* Styles.swift in Sources */ = {isa = PBXBuildFile; fileRef = 041A014F284FC7A0007372AB /* Styles.swift */; };
		041A0156284FC7A1007372AB /* Strings.swift in Sources */ = {isa = PBXBuildFile; fileRef = 041A0150284FC7A0007372AB /* Strings.swift */; };
		041A0157284FC7A1007372AB /* Colors.swift in Sources */ = {isa = PBXBuildFile; fileRef = 041A0151284FC7A0007372AB /* Colors.swift */; };
		041A0158284FC7A1007372AB /* Values.swift in Sources */ = {isa = PBXBuildFile; fileRef = 041A0152284FC7A0007372AB /* Values.swift */; };
		041A0159284FC7A1007372AB /* Fonts.swift in Sources */ = {isa = PBXBuildFile; fileRef = 041A0153284FC7A0007372AB /* Fonts.swift */; };
		042396CE28527A70009E8832 /* HeaderSectionView.swift in Sources */ = {isa = PBXBuildFile; fileRef = 042396CC28527A70009E8832 /* HeaderSectionView.swift */; };
		042396CF28527A70009E8832 /* IconTextButton.swift in Sources */ = {isa = PBXBuildFile; fileRef = 042396CD28527A70009E8832 /* IconTextButton.swift */; };
		042396D128527B8A009E8832 /* ButtonsView.swift in Sources */ = {isa = PBXBuildFile; fileRef = 042396D028527B8A009E8832 /* ButtonsView.swift */; };
		042396D328527CF6009E8832 /* ExpandSectionView.swift in Sources */ = {isa = PBXBuildFile; fileRef = 042396D228527CF6009E8832 /* ExpandSectionView.swift */; };
		042396D528527D46009E8832 /* ExpandButton.swift in Sources */ = {isa = PBXBuildFile; fileRef = 042396D428527D46009E8832 /* ExpandButton.swift */; };
		0429AAFF284FE95400FBFE96 /* ImageTitleSubtitleButton.swift in Sources */ = {isa = PBXBuildFile; fileRef = 0429AAFE284FE95400FBFE96 /* ImageTitleSubtitleButton.swift */; };
		0429AB01284FEDF600FBFE96 /* LineViews.swift in Sources */ = {isa = PBXBuildFile; fileRef = 0429AB00284FEDF600FBFE96 /* LineViews.swift */; };
		04645D582850F1C300FD39CC /* RenetikLayout in Frameworks */ = {isa = PBXBuildFile; productRef = 04645D572850F1C300FD39CC /* RenetikLayout */; };
		04941BBA285138760002DF29 /* UIView+.swift in Sources */ = {isa = PBXBuildFile; fileRef = 04941BB9285138760002DF29 /* UIView+.swift */; };
		04D746FF284E7E1D00EC8337 /* AppDelegate.swift in Sources */ = {isa = PBXBuildFile; fileRef = 04D746FE284E7E1D00EC8337 /* AppDelegate.swift */; };
		04D74703284E7E1D00EC8337 /* MainView.swift in Sources */ = {isa = PBXBuildFile; fileRef = 04D74702284E7E1D00EC8337 /* MainView.swift */; };
		04D74708284E7E1D00EC8337 /* Assets.xcassets in Resources */ = {isa = PBXBuildFile; fileRef = 04D74707284E7E1D00EC8337 /* Assets.xcassets */; };
		04D74716284E7E1E00EC8337 /* Renetik_Layout_DemoTests.swift in Sources */ = {isa = PBXBuildFile; fileRef = 04D74715284E7E1E00EC8337 /* Renetik_Layout_DemoTests.swift */; };
		04D74720284E7E1E00EC8337 /* Renetik_Layout_DemoUITests.swift in Sources */ = {isa = PBXBuildFile; fileRef = 04D7471F284E7E1E00EC8337 /* Renetik_Layout_DemoUITests.swift */; };
		04D74722284E7E1E00EC8337 /* Renetik_Layout_DemoUITestsLaunchTests.swift in Sources */ = {isa = PBXBuildFile; fileRef = 04D74721284E7E1E00EC8337 /* Renetik_Layout_DemoUITestsLaunchTests.swift */; };
		04E3CF11284ED79000B91C98 /* LaunchScreen.xib in Resources */ = {isa = PBXBuildFile; fileRef = 04E3CF10284ED79000B91C98 /* LaunchScreen.xib */; };
/* End PBXBuildFile section */

/* Begin PBXContainerItemProxy section */
		04D74712284E7E1E00EC8337 /* PBXContainerItemProxy */ = {
			isa = PBXContainerItemProxy;
			containerPortal = 04D746F3284E7E1C00EC8337 /* Project object */;
			proxyType = 1;
			remoteGlobalIDString = 04D746FA284E7E1D00EC8337;
			remoteInfo = "Renetik Layout Demo";
		};
		04D7471C284E7E1E00EC8337 /* PBXContainerItemProxy */ = {
			isa = PBXContainerItemProxy;
			containerPortal = 04D746F3284E7E1C00EC8337 /* Project object */;
			proxyType = 1;
			remoteGlobalIDString = 04D746FA284E7E1D00EC8337;
			remoteInfo = "Renetik Layout Demo";
		};
/* End PBXContainerItemProxy section */

/* Begin PBXFileReference section */
		04093A342852DCC7000ECC34 /* UIViewController+.swift */ = {isa = PBXFileReference; lastKnownFileType = sourcecode.swift; path = "UIViewController+.swift"; sourceTree = "<group>"; };
		04093A382853046E000ECC34 /* Localizable.strings */ = {isa = PBXFileReference; fileEncoding = 4; lastKnownFileType = text.plist.strings; path = Localizable.strings; sourceTree = "<group>"; };
		04093A3A28530C5C000ECC34 /* MainViewController.swift */ = {isa = PBXFileReference; lastKnownFileType = sourcecode.swift; path = MainViewController.swift; sourceTree = "<group>"; };
		041A014A284FC4C7007372AB /* SwitchButton.swift */ = {isa = PBXFileReference; lastKnownFileType = sourcecode.swift; path = SwitchButton.swift; sourceTree = "<group>"; };
		041A014E284FC7A0007372AB /* Images.swift */ = {isa = PBXFileReference; fileEncoding = 4; lastKnownFileType = sourcecode.swift; path = Images.swift; sourceTree = "<group>"; };
		041A014F284FC7A0007372AB /* Styles.swift */ = {isa = PBXFileReference; fileEncoding = 4; lastKnownFileType = sourcecode.swift; path = Styles.swift; sourceTree = "<group>"; };
		041A0150284FC7A0007372AB /* Strings.swift */ = {isa = PBXFileReference; fileEncoding = 4; lastKnownFileType = sourcecode.swift; path = Strings.swift; sourceTree = "<group>"; };
		041A0151284FC7A0007372AB /* Colors.swift */ = {isa = PBXFileReference; fileEncoding = 4; lastKnownFileType = sourcecode.swift; path = Colors.swift; sourceTree = "<group>"; };
		041A0152284FC7A0007372AB /* Values.swift */ = {isa = PBXFileReference; fileEncoding = 4; lastKnownFileType = sourcecode.swift; path = Values.swift; sourceTree = "<group>"; };
		041A0153284FC7A0007372AB /* Fonts.swift */ = {isa = PBXFileReference; fileEncoding = 4; lastKnownFileType = sourcecode.swift; path = Fonts.swift; sourceTree = "<group>"; };
		042396CC28527A70009E8832 /* HeaderSectionView.swift */ = {isa = PBXFileReference; fileEncoding = 4; lastKnownFileType = sourcecode.swift; path = HeaderSectionView.swift; sourceTree = "<group>"; };
		042396CD28527A70009E8832 /* IconTextButton.swift */ = {isa = PBXFileReference; fileEncoding = 4; lastKnownFileType = sourcecode.swift; path = IconTextButton.swift; sourceTree = "<group>"; };
		042396D028527B8A009E8832 /* ButtonsView.swift */ = {isa = PBXFileReference; lastKnownFileType = sourcecode.swift; path = ButtonsView.swift; sourceTree = "<group>"; };
		042396D228527CF6009E8832 /* ExpandSectionView.swift */ = {isa = PBXFileReference; lastKnownFileType = sourcecode.swift; path = ExpandSectionView.swift; sourceTree = "<group>"; };
		042396D428527D46009E8832 /* ExpandButton.swift */ = {isa = PBXFileReference; lastKnownFileType = sourcecode.swift; path = ExpandButton.swift; sourceTree = "<group>"; };
		0429AAFE284FE95400FBFE96 /* ImageTitleSubtitleButton.swift */ = {isa = PBXFileReference; lastKnownFileType = sourcecode.swift; path = ImageTitleSubtitleButton.swift; sourceTree = "<group>"; };
		0429AB00284FEDF600FBFE96 /* LineViews.swift */ = {isa = PBXFileReference; lastKnownFileType = sourcecode.swift; path = LineViews.swift; sourceTree = "<group>"; };
		04645D562850F1A600FD39CC /* renetik-ios-layout */ = {isa = PBXFileReference; lastKnownFileType = wrapper; name = "renetik-ios-layout"; path = ..; sourceTree = "<group>"; };
		04941BB9285138760002DF29 /* UIView+.swift */ = {isa = PBXFileReference; fileEncoding = 4; lastKnownFileType = sourcecode.swift; path = "UIView+.swift"; sourceTree = "<group>"; };
		04D746FB284E7E1D00EC8337 /* Renetik Layout Demo.app */ = {isa = PBXFileReference; explicitFileType = wrapper.application; includeInIndex = 0; path = "Renetik Layout Demo.app"; sourceTree = BUILT_PRODUCTS_DIR; };
		04D746FE284E7E1D00EC8337 /* AppDelegate.swift */ = {isa = PBXFileReference; lastKnownFileType = sourcecode.swift; path = AppDelegate.swift; sourceTree = "<group>"; };
		04D74702284E7E1D00EC8337 /* MainView.swift */ = {isa = PBXFileReference; lastKnownFileType = sourcecode.swift; path = MainView.swift; sourceTree = "<group>"; };
		04D74707284E7E1D00EC8337 /* Assets.xcassets */ = {isa = PBXFileReference; lastKnownFileType = folder.assetcatalog; path = Assets.xcassets; sourceTree = "<group>"; };
		04D7470C284E7E1D00EC8337 /* Info.plist */ = {isa = PBXFileReference; lastKnownFileType = text.plist.xml; path = Info.plist; sourceTree = "<group>"; };
		04D74711284E7E1E00EC8337 /* Renetik Layout DemoTests.xctest */ = {isa = PBXFileReference; explicitFileType = wrapper.cfbundle; includeInIndex = 0; path = "Renetik Layout DemoTests.xctest"; sourceTree = BUILT_PRODUCTS_DIR; };
		04D74715284E7E1E00EC8337 /* Renetik_Layout_DemoTests.swift */ = {isa = PBXFileReference; lastKnownFileType = sourcecode.swift; path = Renetik_Layout_DemoTests.swift; sourceTree = "<group>"; };
		04D7471B284E7E1E00EC8337 /* Renetik Layout DemoUITests.xctest */ = {isa = PBXFileReference; explicitFileType = wrapper.cfbundle; includeInIndex = 0; path = "Renetik Layout DemoUITests.xctest"; sourceTree = BUILT_PRODUCTS_DIR; };
		04D7471F284E7E1E00EC8337 /* Renetik_Layout_DemoUITests.swift */ = {isa = PBXFileReference; lastKnownFileType = sourcecode.swift; path = Renetik_Layout_DemoUITests.swift; sourceTree = "<group>"; };
		04D74721284E7E1E00EC8337 /* Renetik_Layout_DemoUITestsLaunchTests.swift */ = {isa = PBXFileReference; lastKnownFileType = sourcecode.swift; path = Renetik_Layout_DemoUITestsLaunchTests.swift; sourceTree = "<group>"; };
		04E3CF10284ED79000B91C98 /* LaunchScreen.xib */ = {isa = PBXFileReference; lastKnownFileType = file.xib; path = LaunchScreen.xib; sourceTree = "<group>"; };
/* End PBXFileReference section */

/* Begin PBXFrameworksBuildPhase section */
		04D746F8284E7E1D00EC8337 /* Frameworks */ = {
			isa = PBXFrameworksBuildPhase;
			buildActionMask = 2147483647;
			files = (
				04645D582850F1C300FD39CC /* RenetikLayout in Frameworks */,
			);
			runOnlyForDeploymentPostprocessing = 0;
		};
		04D7470E284E7E1E00EC8337 /* Frameworks */ = {
			isa = PBXFrameworksBuildPhase;
			buildActionMask = 2147483647;
			files = (
			);
			runOnlyForDeploymentPostprocessing = 0;
		};
		04D74718284E7E1E00EC8337 /* Frameworks */ = {
			isa = PBXFrameworksBuildPhase;
			buildActionMask = 2147483647;
			files = (
			);
			runOnlyForDeploymentPostprocessing = 0;
		};
/* End PBXFrameworksBuildPhase section */

/* Begin PBXGroup section */
		040E8738284E8AA3003C74EF /* Frameworks */ = {
			isa = PBXGroup;
			children = (
			);
			name = Frameworks;
			sourceTree = "<group>";
		};
		041A014C284FC711007372AB /* Resources */ = {
			isa = PBXGroup;
			children = (
				041A0151284FC7A0007372AB /* Colors.swift */,
				041A0153284FC7A0007372AB /* Fonts.swift */,
				041A014E284FC7A0007372AB /* Images.swift */,
				041A0150284FC7A0007372AB /* Strings.swift */,
				041A014F284FC7A0007372AB /* Styles.swift */,
				041A0152284FC7A0007372AB /* Values.swift */,
			);
			path = Resources;
			sourceTree = "<group>";
		};
		041A018F284FD854007372AB /* View */ = {
			isa = PBXGroup;
			children = (
				04941BB9285138760002DF29 /* UIView+.swift */,
				04093A342852DCC7000ECC34 /* UIViewController+.swift */,
				04D74702284E7E1D00EC8337 /* MainView.swift */,
				04093A3A28530C5C000ECC34 /* MainViewController.swift */,
				0429AAFE284FE95400FBFE96 /* ImageTitleSubtitleButton.swift */,
				041A014A284FC4C7007372AB /* SwitchButton.swift */,
				042396CC28527A70009E8832 /* HeaderSectionView.swift */,
				042396D228527CF6009E8832 /* ExpandSectionView.swift */,
				042396D428527D46009E8832 /* ExpandButton.swift */,
				042396D028527B8A009E8832 /* ButtonsView.swift */,
				042396CD28527A70009E8832 /* IconTextButton.swift */,
				0429AB00284FEDF600FBFE96 /* LineViews.swift */,
			);
			path = View;
			sourceTree = "<group>";
		};
		04D746F2284E7E1C00EC8337 = {
			isa = PBXGroup;
			children = (
				04D74731284E7EC000EC8337 /* Packages */,
				04D746FD284E7E1D00EC8337 /* Renetik Layout Demo */,
				04D74714284E7E1E00EC8337 /* Renetik Layout DemoTests */,
				04D7471E284E7E1E00EC8337 /* Renetik Layout DemoUITests */,
				04D746FC284E7E1D00EC8337 /* Products */,
				040E8738284E8AA3003C74EF /* Frameworks */,
			);
			sourceTree = "<group>";
		};
		04D746FC284E7E1D00EC8337 /* Products */ = {
			isa = PBXGroup;
			children = (
				04D746FB284E7E1D00EC8337 /* Renetik Layout Demo.app */,
				04D74711284E7E1E00EC8337 /* Renetik Layout DemoTests.xctest */,
				04D7471B284E7E1E00EC8337 /* Renetik Layout DemoUITests.xctest */,
			);
			name = Products;
			sourceTree = "<group>";
		};
		04D746FD284E7E1D00EC8337 /* Renetik Layout Demo */ = {
			isa = PBXGroup;
			children = (
				041A018F284FD854007372AB /* View */,
				041A014C284FC711007372AB /* Resources */,
				04E3CF10284ED79000B91C98 /* LaunchScreen.xib */,
				04D746FE284E7E1D00EC8337 /* AppDelegate.swift */,
				04D74707284E7E1D00EC8337 /* Assets.xcassets */,
				04D7470C284E7E1D00EC8337 /* Info.plist */,
				04093A382853046E000ECC34 /* Localizable.strings */,
			);
			path = "Renetik Layout Demo";
			sourceTree = "<group>";
		};
		04D74714284E7E1E00EC8337 /* Renetik Layout DemoTests */ = {
			isa = PBXGroup;
			children = (
				04D74715284E7E1E00EC8337 /* Renetik_Layout_DemoTests.swift */,
			);
			path = "Renetik Layout DemoTests";
			sourceTree = "<group>";
		};
		04D7471E284E7E1E00EC8337 /* Renetik Layout DemoUITests */ = {
			isa = PBXGroup;
			children = (
				04D7471F284E7E1E00EC8337 /* Renetik_Layout_DemoUITests.swift */,
				04D74721284E7E1E00EC8337 /* Renetik_Layout_DemoUITestsLaunchTests.swift */,
			);
			path = "Renetik Layout DemoUITests";
			sourceTree = "<group>";
		};
		04D74731284E7EC000EC8337 /* Packages */ = {
			isa = PBXGroup;
			children = (
				04645D562850F1A600FD39CC /* renetik-ios-layout */,
			);
			name = Packages;
			sourceTree = "<group>";
		};
/* End PBXGroup section */

/* Begin PBXNativeTarget section */
		04D746FA284E7E1D00EC8337 /* Renetik Layout Demo */ = {
			isa = PBXNativeTarget;
			buildConfigurationList = 04D74725284E7E1E00EC8337 /* Build configuration list for PBXNativeTarget "Renetik Layout Demo" */;
			buildPhases = (
				04D746F7284E7E1D00EC8337 /* Sources */,
				04D746F8284E7E1D00EC8337 /* Frameworks */,
				04D746F9284E7E1D00EC8337 /* Resources */,
			);
			buildRules = (
			);
			dependencies = (
			);
			name = "Renetik Layout Demo";
			packageProductDependencies = (
				04645D572850F1C300FD39CC /* RenetikLayout */,
			);
			productName = "Renetik Layout Demo";
			productReference = 04D746FB284E7E1D00EC8337 /* Renetik Layout Demo.app */;
			productType = "com.apple.product-type.application";
		};
		04D74710284E7E1E00EC8337 /* Renetik Layout DemoTests */ = {
			isa = PBXNativeTarget;
			buildConfigurationList = 04D74728284E7E1E00EC8337 /* Build configuration list for PBXNativeTarget "Renetik Layout DemoTests" */;
			buildPhases = (
				04D7470D284E7E1E00EC8337 /* Sources */,
				04D7470E284E7E1E00EC8337 /* Frameworks */,
				04D7470F284E7E1E00EC8337 /* Resources */,
			);
			buildRules = (
			);
			dependencies = (
				04D74713284E7E1E00EC8337 /* PBXTargetDependency */,
			);
			name = "Renetik Layout DemoTests";
			productName = "Renetik Layout DemoTests";
			productReference = 04D74711284E7E1E00EC8337 /* Renetik Layout DemoTests.xctest */;
			productType = "com.apple.product-type.bundle.unit-test";
		};
		04D7471A284E7E1E00EC8337 /* Renetik Layout DemoUITests */ = {
			isa = PBXNativeTarget;
			buildConfigurationList = 04D7472B284E7E1E00EC8337 /* Build configuration list for PBXNativeTarget "Renetik Layout DemoUITests" */;
			buildPhases = (
				04D74717284E7E1E00EC8337 /* Sources */,
				04D74718284E7E1E00EC8337 /* Frameworks */,
				04D74719284E7E1E00EC8337 /* Resources */,
			);
			buildRules = (
			);
			dependencies = (
				04D7471D284E7E1E00EC8337 /* PBXTargetDependency */,
			);
			name = "Renetik Layout DemoUITests";
			productName = "Renetik Layout DemoUITests";
			productReference = 04D7471B284E7E1E00EC8337 /* Renetik Layout DemoUITests.xctest */;
			productType = "com.apple.product-type.bundle.ui-testing";
		};
/* End PBXNativeTarget section */

/* Begin PBXProject section */
		04D746F3284E7E1C00EC8337 /* Project object */ = {
			isa = PBXProject;
			attributes = {
				BuildIndependentTargetsInParallel = 1;
				LastSwiftUpdateCheck = 1330;
				LastUpgradeCheck = 1330;
				TargetAttributes = {
					04D746FA284E7E1D00EC8337 = {
						CreatedOnToolsVersion = 13.3.1;
					};
					04D74710284E7E1E00EC8337 = {
						CreatedOnToolsVersion = 13.3.1;
						TestTargetID = 04D746FA284E7E1D00EC8337;
					};
					04D7471A284E7E1E00EC8337 = {
						CreatedOnToolsVersion = 13.3.1;
						TestTargetID = 04D746FA284E7E1D00EC8337;
					};
				};
			};
			buildConfigurationList = 04D746F6284E7E1C00EC8337 /* Build configuration list for PBXProject "Renetik Layout Demo" */;
			compatibilityVersion = "Xcode 13.0";
			developmentRegion = en;
			hasScannedForEncodings = 0;
			knownRegions = (
				en,
				Base,
			);
			mainGroup = 04D746F2284E7E1C00EC8337;
			packageReferences = (
			);
			productRefGroup = 04D746FC284E7E1D00EC8337 /* Products */;
			projectDirPath = "";
			projectRoot = "";
			targets = (
				04D746FA284E7E1D00EC8337 /* Renetik Layout Demo */,
				04D74710284E7E1E00EC8337 /* Renetik Layout DemoTests */,
				04D7471A284E7E1E00EC8337 /* Renetik Layout DemoUITests */,
			);
		};
/* End PBXProject section */

/* Begin PBXResourcesBuildPhase section */
		04D746F9284E7E1D00EC8337 /* Resources */ = {
			isa = PBXResourcesBuildPhase;
			buildActionMask = 2147483647;
			files = (
				04D74708284E7E1D00EC8337 /* Assets.xcassets in Resources */,
				04093A392853046E000ECC34 /* Localizable.strings in Resources */,
				04E3CF11284ED79000B91C98 /* LaunchScreen.xib in Resources */,
			);
			runOnlyForDeploymentPostprocessing = 0;
		};
		04D7470F284E7E1E00EC8337 /* Resources */ = {
			isa = PBXResourcesBuildPhase;
			buildActionMask = 2147483647;
			files = (
			);
			runOnlyForDeploymentPostprocessing = 0;
		};
		04D74719284E7E1E00EC8337 /* Resources */ = {
			isa = PBXResourcesBuildPhase;
			buildActionMask = 2147483647;
			files = (
			);
			runOnlyForDeploymentPostprocessing = 0;
		};
/* End PBXResourcesBuildPhase section */

/* Begin PBXSourcesBuildPhase section */
		04D746F7284E7E1D00EC8337 /* Sources */ = {
			isa = PBXSourcesBuildPhase;
			buildActionMask = 2147483647;
			files = (
				042396D328527CF6009E8832 /* ExpandSectionView.swift in Sources */,
				04941BBA285138760002DF29 /* UIView+.swift in Sources */,
				04D74703284E7E1D00EC8337 /* MainView.swift in Sources */,
				041A0155284FC7A1007372AB /* Styles.swift in Sources */,
				042396D528527D46009E8832 /* ExpandButton.swift in Sources */,
				04093A3B28530C5C000ECC34 /* MainViewController.swift in Sources */,
				041A0154284FC7A1007372AB /* Images.swift in Sources */,
				041A0157284FC7A1007372AB /* Colors.swift in Sources */,
				041A014B284FC4C7007372AB /* SwitchButton.swift in Sources */,
				042396D128527B8A009E8832 /* ButtonsView.swift in Sources */,
				041A0156284FC7A1007372AB /* Strings.swift in Sources */,
				042396CE28527A70009E8832 /* HeaderSectionView.swift in Sources */,
				042396CF28527A70009E8832 /* IconTextButton.swift in Sources */,
				0429AAFF284FE95400FBFE96 /* ImageTitleSubtitleButton.swift in Sources */,
				04D746FF284E7E1D00EC8337 /* AppDelegate.swift in Sources */,
				04093A352852DCC7000ECC34 /* UIViewController+.swift in Sources */,
				041A0159284FC7A1007372AB /* Fonts.swift in Sources */,
				041A0158284FC7A1007372AB /* Values.swift in Sources */,
				0429AB01284FEDF600FBFE96 /* LineViews.swift in Sources */,
			);
			runOnlyForDeploymentPostprocessing = 0;
		};
		04D7470D284E7E1E00EC8337 /* Sources */ = {
			isa = PBXSourcesBuildPhase;
			buildActionMask = 2147483647;
			files = (
				04D74716284E7E1E00EC8337 /* Renetik_Layout_DemoTests.swift in Sources */,
			);
			runOnlyForDeploymentPostprocessing = 0;
		};
		04D74717284E7E1E00EC8337 /* Sources */ = {
			isa = PBXSourcesBuildPhase;
			buildActionMask = 2147483647;
			files = (
				04D74722284E7E1E00EC8337 /* Renetik_Layout_DemoUITestsLaunchTests.swift in Sources */,
				04D74720284E7E1E00EC8337 /* Renetik_Layout_DemoUITests.swift in Sources */,
			);
			runOnlyForDeploymentPostprocessing = 0;
		};
/* End PBXSourcesBuildPhase section */

/* Begin PBXTargetDependency section */
		04D74713284E7E1E00EC8337 /* PBXTargetDependency */ = {
			isa = PBXTargetDependency;
			target = 04D746FA284E7E1D00EC8337 /* Renetik Layout Demo */;
			targetProxy = 04D74712284E7E1E00EC8337 /* PBXContainerItemProxy */;
		};
		04D7471D284E7E1E00EC8337 /* PBXTargetDependency */ = {
			isa = PBXTargetDependency;
			target = 04D746FA284E7E1D00EC8337 /* Renetik Layout Demo */;
			targetProxy = 04D7471C284E7E1E00EC8337 /* PBXContainerItemProxy */;
		};
/* End PBXTargetDependency section */

/* Begin XCBuildConfiguration section */
		04D74723284E7E1E00EC8337 /* Debug */ = {
			isa = XCBuildConfiguration;
			buildSettings = {
				ALWAYS_SEARCH_USER_PATHS = NO;
				CLANG_ANALYZER_NONNULL = YES;
				CLANG_ANALYZER_NUMBER_OBJECT_CONVERSION = YES_AGGRESSIVE;
				CLANG_CXX_LANGUAGE_STANDARD = "gnu++17";
				CLANG_ENABLE_MODULES = YES;
				CLANG_ENABLE_OBJC_ARC = YES;
				CLANG_ENABLE_OBJC_WEAK = YES;
				CLANG_WARN_BLOCK_CAPTURE_AUTORELEASING = YES;
				CLANG_WARN_BOOL_CONVERSION = YES;
				CLANG_WARN_COMMA = YES;
				CLANG_WARN_CONSTANT_CONVERSION = YES;
				CLANG_WARN_DEPRECATED_OBJC_IMPLEMENTATIONS = YES;
				CLANG_WARN_DIRECT_OBJC_ISA_USAGE = YES_ERROR;
				CLANG_WARN_DOCUMENTATION_COMMENTS = YES;
				CLANG_WARN_EMPTY_BODY = YES;
				CLANG_WARN_ENUM_CONVERSION = YES;
				CLANG_WARN_INFINITE_RECURSION = YES;
				CLANG_WARN_INT_CONVERSION = YES;
				CLANG_WARN_NON_LITERAL_NULL_CONVERSION = YES;
				CLANG_WARN_OBJC_IMPLICIT_RETAIN_SELF = YES;
				CLANG_WARN_OBJC_LITERAL_CONVERSION = YES;
				CLANG_WARN_OBJC_ROOT_CLASS = YES_ERROR;
				CLANG_WARN_QUOTED_INCLUDE_IN_FRAMEWORK_HEADER = YES;
				CLANG_WARN_RANGE_LOOP_ANALYSIS = YES;
				CLANG_WARN_STRICT_PROTOTYPES = YES;
				CLANG_WARN_SUSPICIOUS_MOVE = YES;
				CLANG_WARN_UNGUARDED_AVAILABILITY = YES_AGGRESSIVE;
				CLANG_WARN_UNREACHABLE_CODE = YES;
				CLANG_WARN__DUPLICATE_METHOD_MATCH = YES;
				COPY_PHASE_STRIP = NO;
				DEBUG_INFORMATION_FORMAT = dwarf;
				ENABLE_STRICT_OBJC_MSGSEND = YES;
				ENABLE_TESTABILITY = YES;
				GCC_C_LANGUAGE_STANDARD = gnu11;
				GCC_DYNAMIC_NO_PIC = NO;
				GCC_NO_COMMON_BLOCKS = YES;
				GCC_OPTIMIZATION_LEVEL = 0;
				GCC_PREPROCESSOR_DEFINITIONS = (
					"DEBUG=1",
					"$(inherited)",
				);
				GCC_WARN_64_TO_32_BIT_CONVERSION = YES;
				GCC_WARN_ABOUT_RETURN_TYPE = YES_ERROR;
				GCC_WARN_UNDECLARED_SELECTOR = YES;
				GCC_WARN_UNINITIALIZED_AUTOS = YES_AGGRESSIVE;
				GCC_WARN_UNUSED_FUNCTION = YES;
				GCC_WARN_UNUSED_VARIABLE = YES;
				IPHONEOS_DEPLOYMENT_TARGET = 13.0;
				MTL_ENABLE_DEBUG_INFO = INCLUDE_SOURCE;
				MTL_FAST_MATH = YES;
				ONLY_ACTIVE_ARCH = YES;
				SDKROOT = iphoneos;
				SWIFT_ACTIVE_COMPILATION_CONDITIONS = DEBUG;
				SWIFT_OPTIMIZATION_LEVEL = "-Onone";
			};
			name = Debug;
		};
		04D74724284E7E1E00EC8337 /* Release */ = {
			isa = XCBuildConfiguration;
			buildSettings = {
				ALWAYS_SEARCH_USER_PATHS = NO;
				CLANG_ANALYZER_NONNULL = YES;
				CLANG_ANALYZER_NUMBER_OBJECT_CONVERSION = YES_AGGRESSIVE;
				CLANG_CXX_LANGUAGE_STANDARD = "gnu++17";
				CLANG_ENABLE_MODULES = YES;
				CLANG_ENABLE_OBJC_ARC = YES;
				CLANG_ENABLE_OBJC_WEAK = YES;
				CLANG_WARN_BLOCK_CAPTURE_AUTORELEASING = YES;
				CLANG_WARN_BOOL_CONVERSION = YES;
				CLANG_WARN_COMMA = YES;
				CLANG_WARN_CONSTANT_CONVERSION = YES;
				CLANG_WARN_DEPRECATED_OBJC_IMPLEMENTATIONS = YES;
				CLANG_WARN_DIRECT_OBJC_ISA_USAGE = YES_ERROR;
				CLANG_WARN_DOCUMENTATION_COMMENTS = YES;
				CLANG_WARN_EMPTY_BODY = YES;
				CLANG_WARN_ENUM_CONVERSION = YES;
				CLANG_WARN_INFINITE_RECURSION = YES;
				CLANG_WARN_INT_CONVERSION = YES;
				CLANG_WARN_NON_LITERAL_NULL_CONVERSION = YES;
				CLANG_WARN_OBJC_IMPLICIT_RETAIN_SELF = YES;
				CLANG_WARN_OBJC_LITERAL_CONVERSION = YES;
				CLANG_WARN_OBJC_ROOT_CLASS = YES_ERROR;
				CLANG_WARN_QUOTED_INCLUDE_IN_FRAMEWORK_HEADER = YES;
				CLANG_WARN_RANGE_LOOP_ANALYSIS = YES;
				CLANG_WARN_STRICT_PROTOTYPES = YES;
				CLANG_WARN_SUSPICIOUS_MOVE = YES;
				CLANG_WARN_UNGUARDED_AVAILABILITY = YES_AGGRESSIVE;
				CLANG_WARN_UNREACHABLE_CODE = YES;
				CLANG_WARN__DUPLICATE_METHOD_MATCH = YES;
				COPY_PHASE_STRIP = NO;
				DEBUG_INFORMATION_FORMAT = "dwarf-with-dsym";
				ENABLE_NS_ASSERTIONS = NO;
				ENABLE_STRICT_OBJC_MSGSEND = YES;
				GCC_C_LANGUAGE_STANDARD = gnu11;
				GCC_NO_COMMON_BLOCKS = YES;
				GCC_WARN_64_TO_32_BIT_CONVERSION = YES;
				GCC_WARN_ABOUT_RETURN_TYPE = YES_ERROR;
				GCC_WARN_UNDECLARED_SELECTOR = YES;
				GCC_WARN_UNINITIALIZED_AUTOS = YES_AGGRESSIVE;
				GCC_WARN_UNUSED_FUNCTION = YES;
				GCC_WARN_UNUSED_VARIABLE = YES;
				IPHONEOS_DEPLOYMENT_TARGET = 13.0;
				MTL_ENABLE_DEBUG_INFO = NO;
				MTL_FAST_MATH = YES;
				SDKROOT = iphoneos;
				SWIFT_COMPILATION_MODE = wholemodule;
				SWIFT_OPTIMIZATION_LEVEL = "-O";
				VALIDATE_PRODUCT = YES;
			};
			name = Release;
		};
		04D74726284E7E1E00EC8337 /* Debug */ = {
			isa = XCBuildConfiguration;
			buildSettings = {
				ASSETCATALOG_COMPILER_APPICON_NAME = AppIcon;
				ASSETCATALOG_COMPILER_GLOBAL_ACCENT_COLOR_NAME = AccentColor;
				CODE_SIGN_STYLE = Automatic;
				CURRENT_PROJECT_VERSION = 1;
				DEVELOPMENT_TEAM = 4QNB24D8D8;
				GENERATE_INFOPLIST_FILE = YES;
				INFOPLIST_FILE = "Renetik Layout Demo/Info.plist";
				INFOPLIST_KEY_UIApplicationSupportsIndirectInputEvents = YES;
				INFOPLIST_KEY_UILaunchStoryboardName = LaunchScreen;
				INFOPLIST_KEY_UISupportedInterfaceOrientations = "UIInterfaceOrientationPortrait UIInterfaceOrientationPortraitUpsideDown UIInterfaceOrientationLandscapeLeft UIInterfaceOrientationLandscapeRight";
				INFOPLIST_KEY_UISupportedInterfaceOrientations_iPad = "UIInterfaceOrientationPortrait UIInterfaceOrientationPortraitUpsideDown UIInterfaceOrientationLandscapeLeft UIInterfaceOrientationLandscapeRight";
				INFOPLIST_KEY_UISupportedInterfaceOrientations_iPhone = "UIInterfaceOrientationPortrait UIInterfaceOrientationPortraitUpsideDown UIInterfaceOrientationLandscapeLeft UIInterfaceOrientationLandscapeRight";
				IPHONEOS_DEPLOYMENT_TARGET = 13.0;
				LD_RUNPATH_SEARCH_PATHS = (
					"$(inherited)",
					"@executable_path/Frameworks",
				);
				MARKETING_VERSION = 1.0;
				PRODUCT_BUNDLE_IDENTIFIER = "renetik.ios.layout.demo.Renetik-Layout-Demo";
				PRODUCT_NAME = "$(TARGET_NAME)";
				SWIFT_EMIT_LOC_STRINGS = YES;
				SWIFT_VERSION = 5.0;
				TARGETED_DEVICE_FAMILY = "1,2";
			};
			name = Debug;
		};
		04D74727284E7E1E00EC8337 /* Release */ = {
			isa = XCBuildConfiguration;
			buildSettings = {
				ASSETCATALOG_COMPILER_APPICON_NAME = AppIcon;
				ASSETCATALOG_COMPILER_GLOBAL_ACCENT_COLOR_NAME = AccentColor;
				CODE_SIGN_STYLE = Automatic;
				CURRENT_PROJECT_VERSION = 1;
				DEVELOPMENT_TEAM = 4QNB24D8D8;
				GENERATE_INFOPLIST_FILE = YES;
				INFOPLIST_FILE = "Renetik Layout Demo/Info.plist";
				INFOPLIST_KEY_UIApplicationSupportsIndirectInputEvents = YES;
				INFOPLIST_KEY_UILaunchStoryboardName = LaunchScreen;
				INFOPLIST_KEY_UISupportedInterfaceOrientations = "UIInterfaceOrientationPortrait UIInterfaceOrientationPortraitUpsideDown UIInterfaceOrientationLandscapeLeft UIInterfaceOrientationLandscapeRight";
				INFOPLIST_KEY_UISupportedInterfaceOrientations_iPad = "UIInterfaceOrientationPortrait UIInterfaceOrientationPortraitUpsideDown UIInterfaceOrientationLandscapeLeft UIInterfaceOrientationLandscapeRight";
				INFOPLIST_KEY_UISupportedInterfaceOrientations_iPhone = "UIInterfaceOrientationPortrait UIInterfaceOrientationPortraitUpsideDown UIInterfaceOrientationLandscapeLeft UIInterfaceOrientationLandscapeRight";
				IPHONEOS_DEPLOYMENT_TARGET = 13.0;
				LD_RUNPATH_SEARCH_PATHS = (
					"$(inherited)",
					"@executable_path/Frameworks",
				);
				MARKETING_VERSION = 1.0;
				PRODUCT_BUNDLE_IDENTIFIER = "renetik.ios.layout.demo.Renetik-Layout-Demo";
				PRODUCT_NAME = "$(TARGET_NAME)";
				SWIFT_EMIT_LOC_STRINGS = YES;
				SWIFT_VERSION = 5.0;
				TARGETED_DEVICE_FAMILY = "1,2";
			};
			name = Release;
		};
		04D74729284E7E1E00EC8337 /* Debug */ = {
			isa = XCBuildConfiguration;
			buildSettings = {
				ALWAYS_EMBED_SWIFT_STANDARD_LIBRARIES = YES;
				BUNDLE_LOADER = "$(TEST_HOST)";
				CODE_SIGN_STYLE = Automatic;
				CURRENT_PROJECT_VERSION = 1;
				DEVELOPMENT_TEAM = 4QNB24D8D8;
				GENERATE_INFOPLIST_FILE = YES;
				IPHONEOS_DEPLOYMENT_TARGET = 15.4;
				MARKETING_VERSION = 1.0;
				PRODUCT_BUNDLE_IDENTIFIER = "renetik.ios.layout.demo.Renetik-Layout-DemoTests";
				PRODUCT_NAME = "$(TARGET_NAME)";
				SWIFT_EMIT_LOC_STRINGS = NO;
				SWIFT_VERSION = 5.0;
				TARGETED_DEVICE_FAMILY = "1,2";
				TEST_HOST = "$(BUILT_PRODUCTS_DIR)/Renetik Layout Demo.app/Renetik Layout Demo";
			};
			name = Debug;
		};
		04D7472A284E7E1E00EC8337 /* Release */ = {
			isa = XCBuildConfiguration;
			buildSettings = {
				ALWAYS_EMBED_SWIFT_STANDARD_LIBRARIES = YES;
				BUNDLE_LOADER = "$(TEST_HOST)";
				CODE_SIGN_STYLE = Automatic;
				CURRENT_PROJECT_VERSION = 1;
				DEVELOPMENT_TEAM = 4QNB24D8D8;
				GENERATE_INFOPLIST_FILE = YES;
				IPHONEOS_DEPLOYMENT_TARGET = 15.4;
				MARKETING_VERSION = 1.0;
				PRODUCT_BUNDLE_IDENTIFIER = "renetik.ios.layout.demo.Renetik-Layout-DemoTests";
				PRODUCT_NAME = "$(TARGET_NAME)";
				SWIFT_EMIT_LOC_STRINGS = NO;
				SWIFT_VERSION = 5.0;
				TARGETED_DEVICE_FAMILY = "1,2";
				TEST_HOST = "$(BUILT_PRODUCTS_DIR)/Renetik Layout Demo.app/Renetik Layout Demo";
			};
			name = Release;
		};
		04D7472C284E7E1E00EC8337 /* Debug */ = {
			isa = XCBuildConfiguration;
			buildSettings = {
				ALWAYS_EMBED_SWIFT_STANDARD_LIBRARIES = YES;
				CODE_SIGN_STYLE = Automatic;
				CURRENT_PROJECT_VERSION = 1;
				DEVELOPMENT_TEAM = 4QNB24D8D8;
				GENERATE_INFOPLIST_FILE = YES;
				MARKETING_VERSION = 1.0;
				PRODUCT_BUNDLE_IDENTIFIER = "renetik.ios.layout.demo.Renetik-Layout-DemoUITests";
				PRODUCT_NAME = "$(TARGET_NAME)";
				SWIFT_EMIT_LOC_STRINGS = NO;
				SWIFT_VERSION = 5.0;
				TARGETED_DEVICE_FAMILY = "1,2";
				TEST_TARGET_NAME = "Renetik Layout Demo";
			};
			name = Debug;
		};
		04D7472D284E7E1E00EC8337 /* Release */ = {
			isa = XCBuildConfiguration;
			buildSettings = {
				ALWAYS_EMBED_SWIFT_STANDARD_LIBRARIES = YES;
				CODE_SIGN_STYLE = Automatic;
				CURRENT_PROJECT_VERSION = 1;
				DEVELOPMENT_TEAM = 4QNB24D8D8;
				GENERATE_INFOPLIST_FILE = YES;
				MARKETING_VERSION = 1.0;
				PRODUCT_BUNDLE_IDENTIFIER = "renetik.ios.layout.demo.Renetik-Layout-DemoUITests";
				PRODUCT_NAME = "$(TARGET_NAME)";
				SWIFT_EMIT_LOC_STRINGS = NO;
				SWIFT_VERSION = 5.0;
				TARGETED_DEVICE_FAMILY = "1,2";
				TEST_TARGET_NAME = "Renetik Layout Demo";
			};
			name = Release;
		};
/* End XCBuildConfiguration section */

/* Begin XCConfigurationList section */
		04D746F6284E7E1C00EC8337 /* Build configuration list for PBXProject "Renetik Layout Demo" */ = {
			isa = XCConfigurationList;
			buildConfigurations = (
				04D74723284E7E1E00EC8337 /* Debug */,
				04D74724284E7E1E00EC8337 /* Release */,
			);
			defaultConfigurationIsVisible = 0;
			defaultConfigurationName = Release;
		};
		04D74725284E7E1E00EC8337 /* Build configuration list for PBXNativeTarget "Renetik Layout Demo" */ = {
			isa = XCConfigurationList;
			buildConfigurations = (
				04D74726284E7E1E00EC8337 /* Debug */,
				04D74727284E7E1E00EC8337 /* Release */,
			);
			defaultConfigurationIsVisible = 0;
			defaultConfigurationName = Release;
		};
		04D74728284E7E1E00EC8337 /* Build configuration list for PBXNativeTarget "Renetik Layout DemoTests" */ = {
			isa = XCConfigurationList;
			buildConfigurations = (
				04D74729284E7E1E00EC8337 /* Debug */,
				04D7472A284E7E1E00EC8337 /* Release */,
			);
			defaultConfigurationIsVisible = 0;
			defaultConfigurationName = Release;
		};
		04D7472B284E7E1E00EC8337 /* Build configuration list for PBXNativeTarget "Renetik Layout DemoUITests" */ = {
			isa = XCConfigurationList;
			buildConfigurations = (
				04D7472C284E7E1E00EC8337 /* Debug */,
				04D7472D284E7E1E00EC8337 /* Release */,
			);
			defaultConfigurationIsVisible = 0;
			defaultConfigurationName = Release;
		};
/* End XCConfigurationList section */

/* Begin XCSwiftPackageProductDependency section */
		04645D572850F1C300FD39CC /* RenetikLayout */ = {
			isa = XCSwiftPackageProductDependency;
			productName = RenetikLayout;
		};
/* End XCSwiftPackageProductDependency section */
	};
	rootObject = 04D746F3284E7E1C00EC8337 /* Project object */;
}
