{
  "pins" : [
    {
      "identity" : "renetik-ios-core",
      "kind" : "remoteSourceControl",
      "location" : "https://github.com/renetik/renetik-ios-core",
      "state" : {
        "revision" : "a8c8508ac66235dee695deb8320747e89414b55c",
        "version" : "0.9.2"
      }
    }
  ],
  "version" : 2
}
