{
  "pins" : [
    {
      "identity" : "renetik-ios-core",
      "kind" : "remoteSourceControl",
      "location" : "https://github.com/renetik/renetik-ios-core",
      "state" : {
        "branch" : "master",
        "revision" : "c47253d80a3f8c40d03ecf9ce301a5f87f185087"
      }
    }
  ],
  "version" : 2
}
