{
  "pins" : [
    {
      "identity" : "renetik-library-ios",
      "kind" : "remoteSourceControl",
      "location" : "https://github.com/rene-dohan/renetik-library-ios",
      "state" : {
        "branch" : "master",
        "revision" : "09f7b4982205be870fb7dc61cb47e56823d564c6"
      }
    }
  ],
  "version" : 2
}
